// !$*UTF8*$!
{
	archiveVersion = 1;
	classes = {
	};
	objectVersion = 46;
	objects = {

/* Begin PBXBuildFile section */
		2F31CA56211C58A700E72AA3 /* libSoundTouch.a in Frameworks */ = {isa = PBXBuildFile; fileRef = 2F31CA4A211C58A700E72AA3 /* libSoundTouch.a */; };
		2F31CA57211C58A700E72AA3 /* libSoundTouch.a in Frameworks */ = {isa = PBXBuildFile; fileRef = 2F31CA51211C58A700E72AA3 /* libSoundTouch.a */; };
		2F31CA59211C5A2100E72AA3 /* ssjs.mp3 in Resources */ = {isa = PBXBuildFile; fileRef = 2F31CA58211C5A2100E72AA3 /* ssjs.mp3 */; };
		2F73D38521199D4E00B92733 /* QNXSoundTouch.mm in Sources */ = {isa = PBXBuildFile; fileRef = 2F73D37521199D4E00B92733 /* QNXSoundTouch.mm */; };
		2F73D3892119CBB500B92733 /* x.mp3 in Resources */ = {isa = PBXBuildFile; fileRef = 2F73D3882119CBB500B92733 /* x.mp3 */; };
		2F73D3B1211AFB2B00B92733 /* GCDWebServerResponse.m in Sources */ = {isa = PBXBuildFile; fileRef = 2F73D38F211AFB2B00B92733 /* GCDWebServerResponse.m */; };
		2F73D3B2211AFB2B00B92733 /* GCDWebServerRequest.m in Sources */ = {isa = PBXBuildFile; fileRef = 2F73D392211AFB2B00B92733 /* GCDWebServerRequest.m */; };
		2F73D3B3211AFB2B00B92733 /* GCDWebServerFunctions.m in Sources */ = {isa = PBXBuildFile; fileRef = 2F73D395211AFB2B00B92733 /* GCDWebServerFunctions.m */; };
		2F73D3B4211AFB2B00B92733 /* GCDWebServer.m in Sources */ = {isa = PBXBuildFile; fileRef = 2F73D396211AFB2B00B92733 /* GCDWebServer.m */; };
		2F73D3B5211AFB2B00B92733 /* GCDWebServerConnection.m in Sources */ = {isa = PBXBuildFile; fileRef = 2F73D397211AFB2B00B92733 /* GCDWebServerConnection.m */; };
		2F73D3B6211AFB2B00B92733 /* GCDWebServerErrorResponse.m in Sources */ = {isa = PBXBuildFile; fileRef = 2F73D39C211AFB2B00B92733 /* GCDWebServerErrorResponse.m */; };
		2F73D3B7211AFB2B00B92733 /* GCDWebServerFileResponse.m in Sources */ = {isa = PBXBuildFile; fileRef = 2F73D39E211AFB2B00B92733 /* GCDWebServerFileResponse.m */; };
		2F73D3B8211AFB2B00B92733 /* GCDWebServerDataResponse.m in Sources */ = {isa = PBXBuildFile; fileRef = 2F73D39F211AFB2B00B92733 /* GCDWebServerDataResponse.m */; };
		2F73D3B9211AFB2B00B92733 /* GCDWebServerStreamedResponse.m in Sources */ = {isa = PBXBuildFile; fileRef = 2F73D3A1211AFB2B00B92733 /* GCDWebServerStreamedResponse.m */; };
		2F73D3BA211AFB2B00B92733 /* GCDWebServerURLEncodedFormRequest.m in Sources */ = {isa = PBXBuildFile; fileRef = 2F73D3A6211AFB2B00B92733 /* GCDWebServerURLEncodedFormRequest.m */; };
		2F73D3BB211AFB2B00B92733 /* GCDWebServerMultiPartFormRequest.m in Sources */ = {isa = PBXBuildFile; fileRef = 2F73D3A7211AFB2B00B92733 /* GCDWebServerMultiPartFormRequest.m */; };
		2F73D3BC211AFB2B00B92733 /* GCDWebServerDataRequest.m in Sources */ = {isa = PBXBuildFile; fileRef = 2F73D3A8211AFB2B00B92733 /* GCDWebServerDataRequest.m */; };
		2F73D3BD211AFB2B00B92733 /* GCDWebServerFileRequest.m in Sources */ = {isa = PBXBuildFile; fileRef = 2F73D3A9211AFB2B00B92733 /* GCDWebServerFileRequest.m */; };
		2F73D3BE211AFB2B00B92733 /* LICENSE in Resources */ = {isa = PBXBuildFile; fileRef = 2F73D3AB211AFB2B00B92733 /* LICENSE */; };
		2F73D3BF211AFB2B00B92733 /* README.md in Resources */ = {isa = PBXBuildFile; fileRef = 2F73D3AC211AFB2B00B92733 /* README.md */; };
		2F73D3C0211AFB2B00B92733 /* GCDWebUploader.bundle in Resources */ = {isa = PBXBuildFile; fileRef = 2F73D3AE211AFB2B00B92733 /* GCDWebUploader.bundle */; };
		2F73D3C1211AFB2B00B92733 /* GCDWebUploader.m in Sources */ = {isa = PBXBuildFile; fileRef = 2F73D3B0211AFB2B00B92733 /* GCDWebUploader.m */; };
		2F73D3C5211B062400B92733 /* wlh.mp3 in Resources */ = {isa = PBXBuildFile; fileRef = 2F73D3C4211B062400B92733 /* wlh.mp3 */; };
		2F73D3C7211B405F00B92733 /* w.mp3 in Resources */ = {isa = PBXBuildFile; fileRef = 2F73D3C6211B405E00B92733 /* w.mp3 */; };
		4208354A1D5D8A8600C2E3C4 /* sourcePCM.aif in Resources */ = {isa = PBXBuildFile; fileRef = 420835491D5D8A8600C2E3C4 /* sourcePCM.aif */; };
		424CA40A1D5D19CB00336134 /* main.m in Sources */ = {isa = PBXBuildFile; fileRef = 424CA4091D5D19CB00336134 /* main.m */; };
		424CA40D1D5D19CB00336134 /* AppDelegate.m in Sources */ = {isa = PBXBuildFile; fileRef = 424CA40C1D5D19CB00336134 /* AppDelegate.m */; };
		424CA4101D5D19CB00336134 /* ViewController.m in Sources */ = {isa = PBXBuildFile; fileRef = 424CA40F1D5D19CB00336134 /* ViewController.m */; };
		424CA4131D5D19CB00336134 /* Main.storyboard in Resources */ = {isa = PBXBuildFile; fileRef = 424CA4111D5D19CB00336134 /* Main.storyboard */; };
		424CA4151D5D19CB00336134 /* Assets.xcassets in Resources */ = {isa = PBXBuildFile; fileRef = 424CA4141D5D19CB00336134 /* Assets.xcassets */; };
		424CA4181D5D19CB00336134 /* LaunchScreen.storyboard in Resources */ = {isa = PBXBuildFile; fileRef = 424CA4161D5D19CB00336134 /* LaunchScreen.storyboard */; };
		424CA41F1D5D1BD600336134 /* ExtendedAudioFileConvertOperation.m in Sources */ = {isa = PBXBuildFile; fileRef = 424CA41E1D5D1BD600336134 /* ExtendedAudioFileConvertOperation.m */; };
/* End PBXBuildFile section */

/* Begin PBXFileReference section */
		2F31CA49211C58A700E72AA3 /* FIFOSampleBuffer.h */ = {isa = PBXFileReference; fileEncoding = 4; lastKnownFileType = sourcecode.c.h; path = FIFOSampleBuffer.h; sourceTree = "<group>"; };
		2F31CA4A211C58A700E72AA3 /* libSoundTouch.a */ = {isa = PBXFileReference; lastKnownFileType = archive.ar; path = libSoundTouch.a; sourceTree = "<group>"; };
		2F31CA4B211C58A700E72AA3 /* STTypes.h */ = {isa = PBXFileReference; fileEncoding = 4; lastKnownFileType = sourcecode.c.h; path = STTypes.h; sourceTree = "<group>"; };
		2F31CA4C211C58A700E72AA3 /* BPMDetect.h */ = {isa = PBXFileReference; fileEncoding = 4; lastKnownFileType = sourcecode.c.h; path = BPMDetect.h; sourceTree = "<group>"; };
		2F31CA4D211C58A700E72AA3 /* SoundTouch.h */ = {isa = PBXFileReference; fileEncoding = 4; lastKnownFileType = sourcecode.c.h; path = SoundTouch.h; sourceTree = "<group>"; };
		2F31CA4E211C58A700E72AA3 /* FIFOSamplePipe.h */ = {isa = PBXFileReference; fileEncoding = 4; lastKnownFileType = sourcecode.c.h; path = FIFOSamplePipe.h; sourceTree = "<group>"; };
		2F31CA50211C58A700E72AA3 /* FIFOSampleBuffer.h */ = {isa = PBXFileReference; fileEncoding = 4; lastKnownFileType = sourcecode.c.h; path = FIFOSampleBuffer.h; sourceTree = "<group>"; };
		2F31CA51211C58A700E72AA3 /* libSoundTouch.a */ = {isa = PBXFileReference; lastKnownFileType = archive.ar; path = libSoundTouch.a; sourceTree = "<group>"; };
		2F31CA52211C58A700E72AA3 /* STTypes.h */ = {isa = PBXFileReference; fileEncoding = 4; lastKnownFileType = sourcecode.c.h; path = STTypes.h; sourceTree = "<group>"; };
		2F31CA53211C58A700E72AA3 /* BPMDetect.h */ = {isa = PBXFileReference; fileEncoding = 4; lastKnownFileType = sourcecode.c.h; path = BPMDetect.h; sourceTree = "<group>"; };
		2F31CA54211C58A700E72AA3 /* SoundTouch.h */ = {isa = PBXFileReference; fileEncoding = 4; lastKnownFileType = sourcecode.c.h; path = SoundTouch.h; sourceTree = "<group>"; };
		2F31CA55211C58A700E72AA3 /* FIFOSamplePipe.h */ = {isa = PBXFileReference; fileEncoding = 4; lastKnownFileType = sourcecode.c.h; path = FIFOSamplePipe.h; sourceTree = "<group>"; };
		2F31CA58211C5A2100E72AA3 /* ssjs.mp3 */ = {isa = PBXFileReference; lastKnownFileType = audio.mp3; path = ssjs.mp3; sourceTree = "<group>"; };
		2F73D37521199D4E00B92733 /* QNXSoundTouch.mm */ = {isa = PBXFileReference; fileEncoding = 4; lastKnownFileType = sourcecode.cpp.objcpp; path = QNXSoundTouch.mm; sourceTree = "<group>"; };
		2F73D37D21199D4E00B92733 /* QNXSoundTouch.h */ = {isa = PBXFileReference; fileEncoding = 4; lastKnownFileType = sourcecode.c.h; path = QNXSoundTouch.h; sourceTree = "<group>"; };
		2F73D3882119CBB500B92733 /* x.mp3 */ = {isa = PBXFileReference; lastKnownFileType = audio.mp3; path = x.mp3; sourceTree = "<group>"; };
		2F73D38D211AFB2B00B92733 /* GCDWebServerFunctions.h */ = {isa = PBXFileReference; fileEncoding = 4; lastKnownFileType = sourcecode.c.h; path = GCDWebServerFunctions.h; sourceTree = "<group>"; };
		2F73D38E211AFB2B00B92733 /* GCDWebServerPrivate.h */ = {isa = PBXFileReference; fileEncoding = 4; lastKnownFileType = sourcecode.c.h; path = GCDWebServerPrivate.h; sourceTree = "<group>"; };
		2F73D38F211AFB2B00B92733 /* GCDWebServerResponse.m */ = {isa = PBXFileReference; fileEncoding = 4; lastKnownFileType = sourcecode.c.objc; path = GCDWebServerResponse.m; sourceTree = "<group>"; };
		2F73D390211AFB2B00B92733 /* GCDWebServerConnection.h */ = {isa = PBXFileReference; fileEncoding = 4; lastKnownFileType = sourcecode.c.h; path = GCDWebServerConnection.h; sourceTree = "<group>"; };
		2F73D391211AFB2B00B92733 /* GCDWebServer.h */ = {isa = PBXFileReference; fileEncoding = 4; lastKnownFileType = sourcecode.c.h; path = GCDWebServer.h; sourceTree = "<group>"; };
		2F73D392211AFB2B00B92733 /* GCDWebServerRequest.m */ = {isa = PBXFileReference; fileEncoding = 4; lastKnownFileType = sourcecode.c.objc; path = GCDWebServerRequest.m; sourceTree = "<group>"; };
		2F73D393211AFB2B00B92733 /* GCDWebServerHTTPStatusCodes.h */ = {isa = PBXFileReference; fileEncoding = 4; lastKnownFileType = sourcecode.c.h; path = GCDWebServerHTTPStatusCodes.h; sourceTree = "<group>"; };
		2F73D394211AFB2B00B92733 /* GCDWebServerResponse.h */ = {isa = PBXFileReference; fileEncoding = 4; lastKnownFileType = sourcecode.c.h; path = GCDWebServerResponse.h; sourceTree = "<group>"; };
		2F73D395211AFB2B00B92733 /* GCDWebServerFunctions.m */ = {isa = PBXFileReference; fileEncoding = 4; lastKnownFileType = sourcecode.c.objc; path = GCDWebServerFunctions.m; sourceTree = "<group>"; };
		2F73D396211AFB2B00B92733 /* GCDWebServer.m */ = {isa = PBXFileReference; fileEncoding = 4; lastKnownFileType = sourcecode.c.objc; path = GCDWebServer.m; sourceTree = "<group>"; };
		2F73D397211AFB2B00B92733 /* GCDWebServerConnection.m */ = {isa = PBXFileReference; fileEncoding = 4; lastKnownFileType = sourcecode.c.objc; path = GCDWebServerConnection.m; sourceTree = "<group>"; };
		2F73D398211AFB2B00B92733 /* GCDWebServerRequest.h */ = {isa = PBXFileReference; fileEncoding = 4; lastKnownFileType = sourcecode.c.h; path = GCDWebServerRequest.h; sourceTree = "<group>"; };
		2F73D39A211AFB2B00B92733 /* GCDWebServerFileResponse.h */ = {isa = PBXFileReference; fileEncoding = 4; lastKnownFileType = sourcecode.c.h; path = GCDWebServerFileResponse.h; sourceTree = "<group>"; };
		2F73D39B211AFB2B00B92733 /* GCDWebServerStreamedResponse.h */ = {isa = PBXFileReference; fileEncoding = 4; lastKnownFileType = sourcecode.c.h; path = GCDWebServerStreamedResponse.h; sourceTree = "<group>"; };
		2F73D39C211AFB2B00B92733 /* GCDWebServerErrorResponse.m */ = {isa = PBXFileReference; fileEncoding = 4; lastKnownFileType = sourcecode.c.objc; path = GCDWebServerErrorResponse.m; sourceTree = "<group>"; };
		2F73D39D211AFB2B00B92733 /* GCDWebServerDataResponse.h */ = {isa = PBXFileReference; fileEncoding = 4; lastKnownFileType = sourcecode.c.h; path = GCDWebServerDataResponse.h; sourceTree = "<group>"; };
		2F73D39E211AFB2B00B92733 /* GCDWebServerFileResponse.m */ = {isa = PBXFileReference; fileEncoding = 4; lastKnownFileType = sourcecode.c.objc; path = GCDWebServerFileResponse.m; sourceTree = "<group>"; };
		2F73D39F211AFB2B00B92733 /* GCDWebServerDataResponse.m */ = {isa = PBXFileReference; fileEncoding = 4; lastKnownFileType = sourcecode.c.objc; path = GCDWebServerDataResponse.m; sourceTree = "<group>"; };
		2F73D3A0211AFB2B00B92733 /* GCDWebServerErrorResponse.h */ = {isa = PBXFileReference; fileEncoding = 4; lastKnownFileType = sourcecode.c.h; path = GCDWebServerErrorResponse.h; sourceTree = "<group>"; };
		2F73D3A1211AFB2B00B92733 /* GCDWebServerStreamedResponse.m */ = {isa = PBXFileReference; fileEncoding = 4; lastKnownFileType = sourcecode.c.objc; path = GCDWebServerStreamedResponse.m; sourceTree = "<group>"; };
		2F73D3A3211AFB2B00B92733 /* GCDWebServerDataRequest.h */ = {isa = PBXFileReference; fileEncoding = 4; lastKnownFileType = sourcecode.c.h; path = GCDWebServerDataRequest.h; sourceTree = "<group>"; };
		2F73D3A4211AFB2B00B92733 /* GCDWebServerMultiPartFormRequest.h */ = {isa = PBXFileReference; fileEncoding = 4; lastKnownFileType = sourcecode.c.h; path = GCDWebServerMultiPartFormRequest.h; sourceTree = "<group>"; };
		2F73D3A5211AFB2B00B92733 /* GCDWebServerFileRequest.h */ = {isa = PBXFileReference; fileEncoding = 4; lastKnownFileType = sourcecode.c.h; path = GCDWebServerFileRequest.h; sourceTree = "<group>"; };
		2F73D3A6211AFB2B00B92733 /* GCDWebServerURLEncodedFormRequest.m */ = {isa = PBXFileReference; fileEncoding = 4; lastKnownFileType = sourcecode.c.objc; path = GCDWebServerURLEncodedFormRequest.m; sourceTree = "<group>"; };
		2F73D3A7211AFB2B00B92733 /* GCDWebServerMultiPartFormRequest.m */ = {isa = PBXFileReference; fileEncoding = 4; lastKnownFileType = sourcecode.c.objc; path = GCDWebServerMultiPartFormRequest.m; sourceTree = "<group>"; };
		2F73D3A8211AFB2B00B92733 /* GCDWebServerDataRequest.m */ = {isa = PBXFileReference; fileEncoding = 4; lastKnownFileType = sourcecode.c.objc; path = GCDWebServerDataRequest.m; sourceTree = "<group>"; };
		2F73D3A9211AFB2B00B92733 /* GCDWebServerFileRequest.m */ = {isa = PBXFileReference; fileEncoding = 4; lastKnownFileType = sourcecode.c.objc; path = GCDWebServerFileRequest.m; sourceTree = "<group>"; };
		2F73D3AA211AFB2B00B92733 /* GCDWebServerURLEncodedFormRequest.h */ = {isa = PBXFileReference; fileEncoding = 4; lastKnownFileType = sourcecode.c.h; path = GCDWebServerURLEncodedFormRequest.h; sourceTree = "<group>"; };
		2F73D3AB211AFB2B00B92733 /* LICENSE */ = {isa = PBXFileReference; fileEncoding = 4; lastKnownFileType = text; path = LICENSE; sourceTree = "<group>"; };
		2F73D3AC211AFB2B00B92733 /* README.md */ = {isa = PBXFileReference; fileEncoding = 4; lastKnownFileType = net.daringfireball.markdown; path = README.md; sourceTree = "<group>"; };
		2F73D3AE211AFB2B00B92733 /* GCDWebUploader.bundle */ = {isa = PBXFileReference; lastKnownFileType = "wrapper.plug-in"; path = GCDWebUploader.bundle; sourceTree = "<group>"; };
		2F73D3AF211AFB2B00B92733 /* GCDWebUploader.h */ = {isa = PBXFileReference; fileEncoding = 4; lastKnownFileType = sourcecode.c.h; path = GCDWebUploader.h; sourceTree = "<group>"; };
		2F73D3B0211AFB2B00B92733 /* GCDWebUploader.m */ = {isa = PBXFileReference; fileEncoding = 4; lastKnownFileType = sourcecode.c.objc; path = GCDWebUploader.m; sourceTree = "<group>"; };
		2F73D3C4211B062400B92733 /* wlh.mp3 */ = {isa = PBXFileReference; lastKnownFileType = audio.mp3; path = wlh.mp3; sourceTree = "<group>"; };
		2F73D3C6211B405E00B92733 /* w.mp3 */ = {isa = PBXFileReference; lastKnownFileType = audio.mp3; path = w.mp3; sourceTree = "<group>"; };
		420835491D5D8A8600C2E3C4 /* sourcePCM.aif */ = {isa = PBXFileReference; lastKnownFileType = file; path = sourcePCM.aif; sourceTree = "<group>"; };
		4208354D1D5D949900C2E3C4 /* README.md */ = {isa = PBXFileReference; lastKnownFileType = net.daringfireball.markdown; path = README.md; sourceTree = "<group>"; };
		424CA4051D5D19CB00336134 /* ExtendedAudioFileConvertTest.app */ = {isa = PBXFileReference; explicitFileType = wrapper.application; includeInIndex = 0; path = ExtendedAudioFileConvertTest.app; sourceTree = BUILT_PRODUCTS_DIR; };
		424CA4091D5D19CB00336134 /* main.m */ = {isa = PBXFileReference; lastKnownFileType = sourcecode.c.objc; path = main.m; sourceTree = "<group>"; };
		424CA40B1D5D19CB00336134 /* AppDelegate.h */ = {isa = PBXFileReference; lastKnownFileType = sourcecode.c.h; path = AppDelegate.h; sourceTree = "<group>"; };
		424CA40C1D5D19CB00336134 /* AppDelegate.m */ = {isa = PBXFileReference; lastKnownFileType = sourcecode.c.objc; path = AppDelegate.m; sourceTree = "<group>"; };
		424CA40E1D5D19CB00336134 /* ViewController.h */ = {isa = PBXFileReference; lastKnownFileType = sourcecode.c.h; path = ViewController.h; sourceTree = "<group>"; };
		424CA40F1D5D19CB00336134 /* ViewController.m */ = {isa = PBXFileReference; lastKnownFileType = sourcecode.c.objc; path = ViewController.m; sourceTree = "<group>"; };
		424CA4121D5D19CB00336134 /* Base */ = {isa = PBXFileReference; lastKnownFileType = file.storyboard; name = Base; path = Base.lproj/Main.storyboard; sourceTree = "<group>"; };
		424CA4141D5D19CB00336134 /* Assets.xcassets */ = {isa = PBXFileReference; lastKnownFileType = folder.assetcatalog; path = Assets.xcassets; sourceTree = "<group>"; };
		424CA4171D5D19CB00336134 /* Base */ = {isa = PBXFileReference; lastKnownFileType = file.storyboard; name = Base; path = Base.lproj/LaunchScreen.storyboard; sourceTree = "<group>"; };
		424CA4191D5D19CB00336134 /* Info.plist */ = {isa = PBXFileReference; lastKnownFileType = text.plist.xml; path = Info.plist; sourceTree = "<group>"; };
		424CA41D1D5D1BD600336134 /* ExtendedAudioFileConvertOperation.h */ = {isa = PBXFileReference; fileEncoding = 4; lastKnownFileType = sourcecode.c.h; path = ExtendedAudioFileConvertOperation.h; sourceTree = "<group>"; };
		424CA41E1D5D1BD600336134 /* ExtendedAudioFileConvertOperation.m */ = {isa = PBXFileReference; fileEncoding = 4; lastKnownFileType = sourcecode.c.objc; path = ExtendedAudioFileConvertOperation.m; sourceTree = "<group>"; };
/* End PBXFileReference section */

/* Begin PBXFrameworksBuildPhase section */
		424CA4021D5D19CB00336134 /* Frameworks */ = {
			isa = PBXFrameworksBuildPhase;
			buildActionMask = 2147483647;
			files = (
				2F31CA56211C58A700E72AA3 /* libSoundTouch.a in Frameworks */,
				2F31CA57211C58A700E72AA3 /* libSoundTouch.a in Frameworks */,
			);
			runOnlyForDeploymentPostprocessing = 0;
		};
/* End PBXFrameworksBuildPhase section */

/* Begin PBXGroup section */
		2F31C979211BE03B00E72AA3 /* Frameworks */ = {
			isa = PBXGroup;
			children = (
			);
			name = Frameworks;
			sourceTree = "<group>";
		};
		2F31CA48211C58A700E72AA3 /* Debug */ = {
			isa = PBXGroup;
			children = (
				2F31CA49211C58A700E72AA3 /* FIFOSampleBuffer.h */,
				2F31CA4A211C58A700E72AA3 /* libSoundTouch.a */,
				2F31CA4B211C58A700E72AA3 /* STTypes.h */,
				2F31CA4C211C58A700E72AA3 /* BPMDetect.h */,
				2F31CA4D211C58A700E72AA3 /* SoundTouch.h */,
				2F31CA4E211C58A700E72AA3 /* FIFOSamplePipe.h */,
			);
			path = Debug;
			sourceTree = "<group>";
		};
		2F31CA4F211C58A700E72AA3 /* Release */ = {
			isa = PBXGroup;
			children = (
				2F31CA50211C58A700E72AA3 /* FIFOSampleBuffer.h */,
				2F31CA51211C58A700E72AA3 /* libSoundTouch.a */,
				2F31CA52211C58A700E72AA3 /* STTypes.h */,
				2F31CA53211C58A700E72AA3 /* BPMDetect.h */,
				2F31CA54211C58A700E72AA3 /* SoundTouch.h */,
				2F31CA55211C58A700E72AA3 /* FIFOSamplePipe.h */,
			);
			path = Release;
			sourceTree = "<group>";
		};
		2F73D37321199D4E00B92733 /* lib */ = {
			isa = PBXGroup;
			children = (
				2F73D37421199D4E00B92733 /* SoundTouch */,
			);
			path = lib;
			sourceTree = "<group>";
		};
		2F73D37421199D4E00B92733 /* SoundTouch */ = {
			isa = PBXGroup;
			children = (
				2F73D37D21199D4E00B92733 /* QNXSoundTouch.h */,
				2F73D37521199D4E00B92733 /* QNXSoundTouch.mm */,
				2F31CA48211C58A700E72AA3 /* Debug */,
				2F31CA4F211C58A700E72AA3 /* Release */,
			);
			path = SoundTouch;
			sourceTree = "<group>";
		};
		2F73D38A211AFB2B00B92733 /* GCDWebServer */ = {
			isa = PBXGroup;
			children = (
				2F73D38B211AFB2B00B92733 /* GCDWebServer */,
				2F73D3AB211AFB2B00B92733 /* LICENSE */,
				2F73D3AC211AFB2B00B92733 /* README.md */,
				2F73D3AD211AFB2B00B92733 /* GCDWebUploader */,
			);
			path = GCDWebServer;
			sourceTree = "<group>";
		};
		2F73D38B211AFB2B00B92733 /* GCDWebServer */ = {
			isa = PBXGroup;
			children = (
				2F73D38C211AFB2B00B92733 /* Core */,
				2F73D399211AFB2B00B92733 /* Responses */,
				2F73D3A2211AFB2B00B92733 /* Requests */,
			);
			path = GCDWebServer;
			sourceTree = "<group>";
		};
		2F73D38C211AFB2B00B92733 /* Core */ = {
			isa = PBXGroup;
			children = (
				2F73D38D211AFB2B00B92733 /* GCDWebServerFunctions.h */,
				2F73D38E211AFB2B00B92733 /* GCDWebServerPrivate.h */,
				2F73D38F211AFB2B00B92733 /* GCDWebServerResponse.m */,
				2F73D390211AFB2B00B92733 /* GCDWebServerConnection.h */,
				2F73D391211AFB2B00B92733 /* GCDWebServer.h */,
				2F73D392211AFB2B00B92733 /* GCDWebServerRequest.m */,
				2F73D393211AFB2B00B92733 /* GCDWebServerHTTPStatusCodes.h */,
				2F73D394211AFB2B00B92733 /* GCDWebServerResponse.h */,
				2F73D395211AFB2B00B92733 /* GCDWebServerFunctions.m */,
				2F73D396211AFB2B00B92733 /* GCDWebServer.m */,
				2F73D397211AFB2B00B92733 /* GCDWebServerConnection.m */,
				2F73D398211AFB2B00B92733 /* GCDWebServerRequest.h */,
			);
			path = Core;
			sourceTree = "<group>";
		};
		2F73D399211AFB2B00B92733 /* Responses */ = {
			isa = PBXGroup;
			children = (
				2F73D39A211AFB2B00B92733 /* GCDWebServerFileResponse.h */,
				2F73D39B211AFB2B00B92733 /* GCDWebServerStreamedResponse.h */,
				2F73D39C211AFB2B00B92733 /* GCDWebServerErrorResponse.m */,
				2F73D39D211AFB2B00B92733 /* GCDWebServerDataResponse.h */,
				2F73D39E211AFB2B00B92733 /* GCDWebServerFileResponse.m */,
				2F73D39F211AFB2B00B92733 /* GCDWebServerDataResponse.m */,
				2F73D3A0211AFB2B00B92733 /* GCDWebServerErrorResponse.h */,
				2F73D3A1211AFB2B00B92733 /* GCDWebServerStreamedResponse.m */,
			);
			path = Responses;
			sourceTree = "<group>";
		};
		2F73D3A2211AFB2B00B92733 /* Requests */ = {
			isa = PBXGroup;
			children = (
				2F73D3A3211AFB2B00B92733 /* GCDWebServerDataRequest.h */,
				2F73D3A4211AFB2B00B92733 /* GCDWebServerMultiPartFormRequest.h */,
				2F73D3A5211AFB2B00B92733 /* GCDWebServerFileRequest.h */,
				2F73D3A6211AFB2B00B92733 /* GCDWebServerURLEncodedFormRequest.m */,
				2F73D3A7211AFB2B00B92733 /* GCDWebServerMultiPartFormRequest.m */,
				2F73D3A8211AFB2B00B92733 /* GCDWebServerDataRequest.m */,
				2F73D3A9211AFB2B00B92733 /* GCDWebServerFileRequest.m */,
				2F73D3AA211AFB2B00B92733 /* GCDWebServerURLEncodedFormRequest.h */,
			);
			path = Requests;
			sourceTree = "<group>";
		};
		2F73D3AD211AFB2B00B92733 /* GCDWebUploader */ = {
			isa = PBXGroup;
			children = (
				2F73D3AE211AFB2B00B92733 /* GCDWebUploader.bundle */,
				2F73D3AF211AFB2B00B92733 /* GCDWebUploader.h */,
				2F73D3B0211AFB2B00B92733 /* GCDWebUploader.m */,
			);
			path = GCDWebUploader;
			sourceTree = "<group>";
		};
		424CA3FA1D5D196D00336134 = {
			isa = PBXGroup;
			children = (
				2F31CA58211C5A2100E72AA3 /* ssjs.mp3 */,
				2F73D3C6211B405E00B92733 /* w.mp3 */,
				2F73D3C4211B062400B92733 /* wlh.mp3 */,
				2F73D38A211AFB2B00B92733 /* GCDWebServer */,
				2F73D3882119CBB500B92733 /* x.mp3 */,
				2F73D37321199D4E00B92733 /* lib */,
				4208354D1D5D949900C2E3C4 /* README.md */,
				424CA4071D5D19CB00336134 /* ExtendedAudioFileConvertTest */,
				424CA4061D5D19CB00336134 /* Products */,
				2F31C979211BE03B00E72AA3 /* Frameworks */,
			);
			sourceTree = "<group>";
		};
		424CA4061D5D19CB00336134 /* Products */ = {
			isa = PBXGroup;
			children = (
				424CA4051D5D19CB00336134 /* ExtendedAudioFileConvertTest.app */,
			);
			name = Products;
			sourceTree = "<group>";
		};
		424CA4071D5D19CB00336134 /* ExtendedAudioFileConvertTest */ = {
			isa = PBXGroup;
			children = (
				424CA40B1D5D19CB00336134 /* AppDelegate.h */,
				424CA40C1D5D19CB00336134 /* AppDelegate.m */,
				424CA40E1D5D19CB00336134 /* ViewController.h */,
				424CA40F1D5D19CB00336134 /* ViewController.m */,
				424CA41D1D5D1BD600336134 /* ExtendedAudioFileConvertOperation.h */,
				424CA41E1D5D1BD600336134 /* ExtendedAudioFileConvertOperation.m */,
				420835491D5D8A8600C2E3C4 /* sourcePCM.aif */,
				424CA4111D5D19CB00336134 /* Main.storyboard */,
				424CA4141D5D19CB00336134 /* Assets.xcassets */,
				424CA4161D5D19CB00336134 /* LaunchScreen.storyboard */,
				424CA4191D5D19CB00336134 /* Info.plist */,
				424CA4081D5D19CB00336134 /* Supporting Files */,
			);
			path = ExtendedAudioFileConvertTest;
			sourceTree = "<group>";
		};
		424CA4081D5D19CB00336134 /* Supporting Files */ = {
			isa = PBXGroup;
			children = (
				424CA4091D5D19CB00336134 /* main.m */,
			);
			name = "Supporting Files";
			sourceTree = "<group>";
		};
/* End PBXGroup section */

/* Begin PBXNativeTarget section */
		424CA4041D5D19CB00336134 /* ExtendedAudioFileConvertTest */ = {
			isa = PBXNativeTarget;
			buildConfigurationList = 424CA41C1D5D19CB00336134 /* Build configuration list for PBXNativeTarget "ExtendedAudioFileConvertTest" */;
			buildPhases = (
				424CA4011D5D19CB00336134 /* Sources */,
				424CA4021D5D19CB00336134 /* Frameworks */,
				424CA4031D5D19CB00336134 /* Resources */,
			);
			buildRules = (
			);
			dependencies = (
			);
			name = ExtendedAudioFileConvertTest;
			productName = ExtendedAudioConverterFileConvertTest;
			productReference = 424CA4051D5D19CB00336134 /* ExtendedAudioFileConvertTest.app */;
			productType = "com.apple.product-type.application";
		};
/* End PBXNativeTarget section */

/* Begin PBXProject section */
		424CA3FB1D5D196D00336134 /* Project object */ = {
			isa = PBXProject;
			attributes = {
				LastUpgradeCheck = 0800;
				TargetAttributes = {
					424CA4041D5D19CB00336134 = {
						CreatedOnToolsVersion = 8.0;
						DevelopmentTeam = 67F7C7DY8T;
						ProvisioningStyle = Automatic;
					};
				};
			};
			buildConfigurationList = 424CA3FE1D5D196D00336134 /* Build configuration list for PBXProject "ExtendedAudioFileConvertTest" */;
			compatibilityVersion = "Xcode 3.2";
			developmentRegion = English;
			hasScannedForEncodings = 0;
			knownRegions = (
				en,
				Base,
			);
			mainGroup = 424CA3FA1D5D196D00336134;
			productRefGroup = 424CA4061D5D19CB00336134 /* Products */;
			projectDirPath = "";
			projectRoot = "";
			targets = (
				424CA4041D5D19CB00336134 /* ExtendedAudioFileConvertTest */,
			);
		};
/* End PBXProject section */

/* Begin PBXResourcesBuildPhase section */
		424CA4031D5D19CB00336134 /* Resources */ = {
			isa = PBXResourcesBuildPhase;
			buildActionMask = 2147483647;
			files = (
				2F73D3C5211B062400B92733 /* wlh.mp3 in Resources */,
				2F73D3BE211AFB2B00B92733 /* LICENSE in Resources */,
				4208354A1D5D8A8600C2E3C4 /* sourcePCM.aif in Resources */,
				424CA4181D5D19CB00336134 /* LaunchScreen.storyboard in Resources */,
				2F73D3C7211B405F00B92733 /* w.mp3 in Resources */,
				2F73D3BF211AFB2B00B92733 /* README.md in Resources */,
				2F73D3892119CBB500B92733 /* x.mp3 in Resources */,
				2F73D3C0211AFB2B00B92733 /* GCDWebUploader.bundle in Resources */,
				2F31CA59211C5A2100E72AA3 /* ssjs.mp3 in Resources */,
				424CA4151D5D19CB00336134 /* Assets.xcassets in Resources */,
				424CA4131D5D19CB00336134 /* Main.storyboard in Resources */,
			);
			runOnlyForDeploymentPostprocessing = 0;
		};
/* End PBXResourcesBuildPhase section */

/* Begin PBXSourcesBuildPhase section */
		424CA4011D5D19CB00336134 /* Sources */ = {
			isa = PBXSourcesBuildPhase;
			buildActionMask = 2147483647;
			files = (
				424CA4101D5D19CB00336134 /* ViewController.m in Sources */,
				2F73D3B8211AFB2B00B92733 /* GCDWebServerDataResponse.m in Sources */,
				424CA40D1D5D19CB00336134 /* AppDelegate.m in Sources */,
				2F73D3B5211AFB2B00B92733 /* GCDWebServerConnection.m in Sources */,
				2F73D3B9211AFB2B00B92733 /* GCDWebServerStreamedResponse.m in Sources */,
				424CA40A1D5D19CB00336134 /* main.m in Sources */,
				424CA41F1D5D1BD600336134 /* ExtendedAudioFileConvertOperation.m in Sources */,
				2F73D3C1211AFB2B00B92733 /* GCDWebUploader.m in Sources */,
				2F73D3BA211AFB2B00B92733 /* GCDWebServerURLEncodedFormRequest.m in Sources */,
				2F73D38521199D4E00B92733 /* QNXSoundTouch.mm in Sources */,
				2F73D3B4211AFB2B00B92733 /* GCDWebServer.m in Sources */,
				2F73D3B7211AFB2B00B92733 /* GCDWebServerFileResponse.m in Sources */,
				2F73D3BB211AFB2B00B92733 /* GCDWebServerMultiPartFormRequest.m in Sources */,
				2F73D3BC211AFB2B00B92733 /* GCDWebServerDataRequest.m in Sources */,
				2F73D3B2211AFB2B00B92733 /* GCDWebServerRequest.m in Sources */,
				2F73D3BD211AFB2B00B92733 /* GCDWebServerFileRequest.m in Sources */,
				2F73D3B3211AFB2B00B92733 /* GCDWebServerFunctions.m in Sources */,
				2F73D3B1211AFB2B00B92733 /* GCDWebServerResponse.m in Sources */,
				2F73D3B6211AFB2B00B92733 /* GCDWebServerErrorResponse.m in Sources */,
			);
			runOnlyForDeploymentPostprocessing = 0;
		};
/* End PBXSourcesBuildPhase section */

/* Begin PBXVariantGroup section */
		424CA4111D5D19CB00336134 /* Main.storyboard */ = {
			isa = PBXVariantGroup;
			children = (
				424CA4121D5D19CB00336134 /* Base */,
			);
			name = Main.storyboard;
			sourceTree = "<group>";
		};
		424CA4161D5D19CB00336134 /* LaunchScreen.storyboard */ = {
			isa = PBXVariantGroup;
			children = (
				424CA4171D5D19CB00336134 /* Base */,
			);
			name = LaunchScreen.storyboard;
			sourceTree = "<group>";
		};
/* End PBXVariantGroup section */

/* Begin XCBuildConfiguration section */
		424CA3FF1D5D196D00336134 /* Debug */ = {
			isa = XCBuildConfiguration;
			buildSettings = {
			};
			name = Debug;
		};
		424CA4001D5D196D00336134 /* Release */ = {
			isa = XCBuildConfiguration;
			buildSettings = {
			};
			name = Release;
		};
		424CA41A1D5D19CB00336134 /* Debug */ = {
			isa = XCBuildConfiguration;
			buildSettings = {
				ALWAYS_SEARCH_USER_PATHS = NO;
				ASSETCATALOG_COMPILER_APPICON_NAME = AppIcon;
				CLANG_ANALYZER_NONNULL = YES;
				CLANG_CXX_LANGUAGE_STANDARD = "gnu++0x";
				CLANG_CXX_LIBRARY = "libc++";
				CLANG_ENABLE_MODULES = YES;
				CLANG_ENABLE_OBJC_ARC = YES;
				CLANG_WARN_BOOL_CONVERSION = YES;
				CLANG_WARN_CONSTANT_CONVERSION = YES;
				CLANG_WARN_DIRECT_OBJC_ISA_USAGE = YES_ERROR;
				CLANG_WARN_DOCUMENTATION_COMMENTS = YES;
				CLANG_WARN_EMPTY_BODY = YES;
				CLANG_WARN_ENUM_CONVERSION = YES;
				CLANG_WARN_INFINITE_RECURSION = YES;
				CLANG_WARN_INT_CONVERSION = YES;
				CLANG_WARN_OBJC_ROOT_CLASS = YES_ERROR;
				CLANG_WARN_SUSPICIOUS_MOVES = YES;
				CLANG_WARN_UNREACHABLE_CODE = YES;
				CLANG_WARN__DUPLICATE_METHOD_MATCH = YES;
				"CODE_SIGN_IDENTITY[sdk=iphoneos*]" = "iPhone Developer";
				COPY_PHASE_STRIP = NO;
				DEBUG_INFORMATION_FORMAT = dwarf;
				DEVELOPMENT_TEAM = 67F7C7DY8T;
				ENABLE_STRICT_OBJC_MSGSEND = YES;
				ENABLE_TESTABILITY = YES;
				GCC_C_LANGUAGE_STANDARD = gnu99;
				GCC_DYNAMIC_NO_PIC = NO;
				GCC_NO_COMMON_BLOCKS = YES;
				GCC_OPTIMIZATION_LEVEL = 0;
				GCC_PREPROCESSOR_DEFINITIONS = (
					"DEBUG=1",
					"$(inherited)",
				);
				GCC_WARN_64_TO_32_BIT_CONVERSION = YES;
				GCC_WARN_ABOUT_RETURN_TYPE = YES_ERROR;
				GCC_WARN_UNDECLARED_SELECTOR = YES;
				GCC_WARN_UNINITIALIZED_AUTOS = YES_AGGRESSIVE;
				GCC_WARN_UNUSED_FUNCTION = YES;
				GCC_WARN_UNUSED_VARIABLE = YES;
				HEADER_SEARCH_PATHS = "\"$(SRCROOT)/../soundtouch-master-ea30a2028758ce38aa1e0da88de74846a66ad1aa/include\"";
				INFOPLIST_FILE = ExtendedAudioFileConvertTest/Info.plist;
				IPHONEOS_DEPLOYMENT_TARGET = 10.0;
				LD_RUNPATH_SEARCH_PATHS = "$(inherited) @executable_path/Frameworks";
				LIBRARY_SEARCH_PATHS = (
					"$(inherited)",
					"$(PROJECT_DIR)/lib/SoundTouch/Release",
					"$(PROJECT_DIR)/lib/SoundTouch/Debug",
				);
				MTL_ENABLE_DEBUG_INFO = YES;
				ONLY_ACTIVE_ARCH = YES;
				PRODUCT_BUNDLE_IDENTIFIER = com.iqiyi.toutiao.yang;
				PRODUCT_NAME = "$(TARGET_NAME)";
				SDKROOT = iphoneos;
				TARGETED_DEVICE_FAMILY = "1,2";
			};
			name = Debug;
		};
		424CA41B1D5D19CB00336134 /* Release */ = {
			isa = XCBuildConfiguration;
			buildSettings = {
				ALWAYS_SEARCH_USER_PATHS = NO;
				ASSETCATALOG_COMPILER_APPICON_NAME = AppIcon;
				CLANG_ANALYZER_NONNULL = YES;
				CLANG_CXX_LANGUAGE_STANDARD = "gnu++0x";
				CLANG_CXX_LIBRARY = "libc++";
				CLANG_ENABLE_MODULES = YES;
				CLANG_ENABLE_OBJC_ARC = YES;
				CLANG_WARN_BOOL_CONVERSION = YES;
				CLANG_WARN_CONSTANT_CONVERSION = YES;
				CLANG_WARN_DIRECT_OBJC_ISA_USAGE = YES_ERROR;
				CLANG_WARN_DOCUMENTATION_COMMENTS = YES;
				CLANG_WARN_EMPTY_BODY = YES;
				CLANG_WARN_ENUM_CONVERSION = YES;
				CLANG_WARN_INFINITE_RECURSION = YES;
				CLANG_WARN_INT_CONVERSION = YES;
				CLANG_WARN_OBJC_ROOT_CLASS = YES_ERROR;
				CLANG_WARN_SUSPICIOUS_MOVES = YES;
				CLANG_WARN_UNREACHABLE_CODE = YES;
				CLANG_WARN__DUPLICATE_METHOD_MATCH = YES;
				"CODE_SIGN_IDENTITY[sdk=iphoneos*]" = "iPhone Developer";
				COPY_PHASE_STRIP = NO;
				DEBUG_INFORMATION_FORMAT = "dwarf-with-dsym";
				DEVELOPMENT_TEAM = 67F7C7DY8T;
				ENABLE_NS_ASSERTIONS = NO;
				ENABLE_STRICT_OBJC_MSGSEND = YES;
				GCC_C_LANGUAGE_STANDARD = gnu99;
				GCC_NO_COMMON_BLOCKS = YES;
				GCC_WARN_64_TO_32_BIT_CONVERSION = YES;
				GCC_WARN_ABOUT_RETURN_TYPE = YES_ERROR;
				GCC_WARN_UNDECLARED_SELECTOR = YES;
				GCC_WARN_UNINITIALIZED_AUTOS = YES_AGGRESSIVE;
				GCC_WARN_UNUSED_FUNCTION = YES;
				GCC_WARN_UNUSED_VARIABLE = YES;
				HEADER_SEARCH_PATHS = "\"$(SRCROOT)/../soundtouch-master-ea30a2028758ce38aa1e0da88de74846a66ad1aa/include\"";
				INFOPLIST_FILE = ExtendedAudioFileConvertTest/Info.plist;
				IPHONEOS_DEPLOYMENT_TARGET = 10.0;
				LD_RUNPATH_SEARCH_PATHS = "$(inherited) @executable_path/Frameworks";
				LIBRARY_SEARCH_PATHS = (
					"$(inherited)",
					"$(PROJECT_DIR)/lib/SoundTouch/Release",
					"$(PROJECT_DIR)/lib/SoundTouch/Debug",
				);
				MTL_ENABLE_DEBUG_INFO = NO;
				PRODUCT_BUNDLE_IDENTIFIER = com.iqiyi.toutiao.yang;
				PRODUCT_NAME = "$(TARGET_NAME)";
				SDKROOT = iphoneos;
				TARGETED_DEVICE_FAMILY = "1,2";
				VALIDATE_PRODUCT = YES;
			};
			name = Release;
		};
/* End XCBuildConfiguration section */

/* Begin XCConfigurationList section */
		424CA3FE1D5D196D00336134 /* Build configuration list for PBXProject "ExtendedAudioFileConvertTest" */ = {
			isa = XCConfigurationList;
			buildConfigurations = (
				424CA3FF1D5D196D00336134 /* Debug */,
				424CA4001D5D196D00336134 /* Release */,
			);
			defaultConfigurationIsVisible = 0;
			defaultConfigurationName = Release;
		};
		424CA41C1D5D19CB00336134 /* Build configuration list for PBXNativeTarget "ExtendedAudioFileConvertTest" */ = {
			isa = XCConfigurationList;
			buildConfigurations = (
				424CA41A1D5D19CB00336134 /* Debug */,
				424CA41B1D5D19CB00336134 /* Release */,
			);
			defaultConfigurationIsVisible = 0;
			defaultConfigurationName = Release;
		};
/* End XCConfigurationList section */
	};
	rootObject = 424CA3FB1D5D196D00336134 /* Project object */;
}
